// !$*UTF8*$!
{
	archiveVersion = 1;
	classes = {
	};
	objectVersion = 46;
	objects = {

/* Begin PBXBuildFile section */
		A16CDE3914C958B400BFFCA7 /* UIKit.framework in Frameworks */ = {isa = PBXBuildFile; fileRef = A16CDE3814C958B400BFFCA7 /* UIKit.framework */; };
		A16CDE3B14C958B400BFFCA7 /* Foundation.framework in Frameworks */ = {isa = PBXBuildFile; fileRef = A16CDE3A14C958B400BFFCA7 /* Foundation.framework */; };
		A16CDE3D14C958B400BFFCA7 /* CoreGraphics.framework in Frameworks */ = {isa = PBXBuildFile; fileRef = A16CDE3C14C958B400BFFCA7 /* CoreGraphics.framework */; };
		A16CDE4314C958B400BFFCA7 /* InfoPlist.strings in Resources */ = {isa = PBXBuildFile; fileRef = A16CDE4114C958B400BFFCA7 /* InfoPlist.strings */; };
		A16CDE4514C958B400BFFCA7 /* main.m in Sources */ = {isa = PBXBuildFile; fileRef = A16CDE4414C958B400BFFCA7 /* main.m */; };
		A16CDE4914C958B400BFFCA7 /* FlickrPopAppDelegate.m in Sources */ = {isa = PBXBuildFile; fileRef = A16CDE4814C958B400BFFCA7 /* FlickrPopAppDelegate.m */; };
		A16CDE4C14C958B400BFFCA7 /* MainStoryboard_iPhone.storyboard in Resources */ = {isa = PBXBuildFile; fileRef = A16CDE4A14C958B400BFFCA7 /* MainStoryboard_iPhone.storyboard */; };
		A16CDE4F14C958B400BFFCA7 /* MainStoryboard_iPad.storyboard in Resources */ = {isa = PBXBuildFile; fileRef = A16CDE4D14C958B400BFFCA7 /* MainStoryboard_iPad.storyboard */; };
		A16CDE5214C958B400BFFCA7 /* FlickrPopViewController.m in Sources */ = {isa = PBXBuildFile; fileRef = A16CDE5114C958B400BFFCA7 /* FlickrPopViewController.m */; };
		A16CDE5A14C958B400BFFCA7 /* SenTestingKit.framework in Frameworks */ = {isa = PBXBuildFile; fileRef = A16CDE5914C958B400BFFCA7 /* SenTestingKit.framework */; };
		A16CDE5B14C958B400BFFCA7 /* UIKit.framework in Frameworks */ = {isa = PBXBuildFile; fileRef = A16CDE3814C958B400BFFCA7 /* UIKit.framework */; };
		A16CDE5C14C958B400BFFCA7 /* Foundation.framework in Frameworks */ = {isa = PBXBuildFile; fileRef = A16CDE3A14C958B400BFFCA7 /* Foundation.framework */; };
		A16CDE6414C958B400BFFCA7 /* InfoPlist.strings in Resources */ = {isa = PBXBuildFile; fileRef = A16CDE6214C958B400BFFCA7 /* InfoPlist.strings */; };
		A16CDE6714C958B400BFFCA7 /* FlickrPopTests.m in Sources */ = {isa = PBXBuildFile; fileRef = A16CDE6614C958B400BFFCA7 /* FlickrPopTests.m */; };
		A16CDE7314C958F500BFFCA7 /* FlickrFetcher.m in Sources */ = {isa = PBXBuildFile; fileRef = A16CDE7214C958F500BFFCA7 /* FlickrFetcher.m */; };
		A16CDE7614C959D800BFFCA7 /* topPlacesTableViewController.m in Sources */ = {isa = PBXBuildFile; fileRef = A16CDE7514C959D800BFFCA7 /* topPlacesTableViewController.m */; };
		A16CDE7914C95AC600BFFCA7 /* RecentlyViewedTableViewController.m in Sources */ = {isa = PBXBuildFile; fileRef = A16CDE7814C95AC600BFFCA7 /* RecentlyViewedTableViewController.m */; };
		A17D0E3F14C9DB6000A97B13 /* TopPicturesTableViewController.m in Sources */ = {isa = PBXBuildFile; fileRef = A17D0E3E14C9DB6000A97B13 /* TopPicturesTableViewController.m */; };
/* End PBXBuildFile section */

/* Begin PBXContainerItemProxy section */
		A16CDE5D14C958B400BFFCA7 /* PBXContainerItemProxy */ = {
			isa = PBXContainerItemProxy;
			containerPortal = A16CDE2B14C958B400BFFCA7 /* Project object */;
			proxyType = 1;
			remoteGlobalIDString = A16CDE3314C958B400BFFCA7;
			remoteInfo = FlickrPop;
		};
/* End PBXContainerItemProxy section */

/* Begin PBXFileReference section */
		A16CDE3414C958B400BFFCA7 /* FlickrPop.app */ = {isa = PBXFileReference; explicitFileType = wrapper.application; includeInIndex = 0; path = FlickrPop.app; sourceTree = BUILT_PRODUCTS_DIR; };
		A16CDE3814C958B400BFFCA7 /* UIKit.framework */ = {isa = PBXFileReference; lastKnownFileType = wrapper.framework; name = UIKit.framework; path = System/Library/Frameworks/UIKit.framework; sourceTree = SDKROOT; };
		A16CDE3A14C958B400BFFCA7 /* Foundation.framework */ = {isa = PBXFileReference; lastKnownFileType = wrapper.framework; name = Foundation.framework; path = System/Library/Frameworks/Foundation.framework; sourceTree = SDKROOT; };
		A16CDE3C14C958B400BFFCA7 /* CoreGraphics.framework */ = {isa = PBXFileReference; lastKnownFileType = wrapper.framework; name = CoreGraphics.framework; path = System/Library/Frameworks/CoreGraphics.framework; sourceTree = SDKROOT; };
		A16CDE4014C958B400BFFCA7 /* FlickrPop-Info.plist */ = {isa = PBXFileReference; lastKnownFileType = text.plist.xml; path = "FlickrPop-Info.plist"; sourceTree = "<group>"; };
		A16CDE4214C958B400BFFCA7 /* en */ = {isa = PBXFileReference; lastKnownFileType = text.plist.strings; name = en; path = en.lproj/InfoPlist.strings; sourceTree = "<group>"; };
		A16CDE4414C958B400BFFCA7 /* main.m */ = {isa = PBXFileReference; lastKnownFileType = sourcecode.c.objc; path = main.m; sourceTree = "<group>"; };
		A16CDE4614C958B400BFFCA7 /* FlickrPop-Prefix.pch */ = {isa = PBXFileReference; lastKnownFileType = sourcecode.c.h; path = "FlickrPop-Prefix.pch"; sourceTree = "<group>"; };
		A16CDE4714C958B400BFFCA7 /* FlickrPopAppDelegate.h */ = {isa = PBXFileReference; lastKnownFileType = sourcecode.c.h; path = FlickrPopAppDelegate.h; sourceTree = "<group>"; };
		A16CDE4814C958B400BFFCA7 /* FlickrPopAppDelegate.m */ = {isa = PBXFileReference; lastKnownFileType = sourcecode.c.objc; path = FlickrPopAppDelegate.m; sourceTree = "<group>"; };
		A16CDE4B14C958B400BFFCA7 /* en */ = {isa = PBXFileReference; lastKnownFileType = file.storyboard; name = en; path = en.lproj/MainStoryboard_iPhone.storyboard; sourceTree = "<group>"; };
		A16CDE4E14C958B400BFFCA7 /* en */ = {isa = PBXFileReference; lastKnownFileType = file.storyboard; name = en; path = en.lproj/MainStoryboard_iPad.storyboard; sourceTree = "<group>"; };
		A16CDE5014C958B400BFFCA7 /* FlickrPopViewController.h */ = {isa = PBXFileReference; lastKnownFileType = sourcecode.c.h; path = FlickrPopViewController.h; sourceTree = "<group>"; };
		A16CDE5114C958B400BFFCA7 /* FlickrPopViewController.m */ = {isa = PBXFileReference; lastKnownFileType = sourcecode.c.objc; path = FlickrPopViewController.m; sourceTree = "<group>"; };
		A16CDE5814C958B400BFFCA7 /* FlickrPopTests.octest */ = {isa = PBXFileReference; explicitFileType = wrapper.cfbundle; includeInIndex = 0; path = FlickrPopTests.octest; sourceTree = BUILT_PRODUCTS_DIR; };
		A16CDE5914C958B400BFFCA7 /* SenTestingKit.framework */ = {isa = PBXFileReference; lastKnownFileType = wrapper.framework; name = SenTestingKit.framework; path = Library/Frameworks/SenTestingKit.framework; sourceTree = DEVELOPER_DIR; };
		A16CDE6114C958B400BFFCA7 /* FlickrPopTests-Info.plist */ = {isa = PBXFileReference; lastKnownFileType = text.plist.xml; path = "FlickrPopTests-Info.plist"; sourceTree = "<group>"; };
		A16CDE6314C958B400BFFCA7 /* en */ = {isa = PBXFileReference; lastKnownFileType = text.plist.strings; name = en; path = en.lproj/InfoPlist.strings; sourceTree = "<group>"; };
		A16CDE6514C958B400BFFCA7 /* FlickrPopTests.h */ = {isa = PBXFileReference; lastKnownFileType = sourcecode.c.h; path = FlickrPopTests.h; sourceTree = "<group>"; };
		A16CDE6614C958B400BFFCA7 /* FlickrPopTests.m */ = {isa = PBXFileReference; lastKnownFileType = sourcecode.c.objc; path = FlickrPopTests.m; sourceTree = "<group>"; };
		A16CDE7014C958F500BFFCA7 /* FlickrAPIKey.h */ = {isa = PBXFileReference; fileEncoding = 4; lastKnownFileType = sourcecode.c.h; path = FlickrAPIKey.h; sourceTree = "<group>"; };
		A16CDE7114C958F500BFFCA7 /* FlickrFetcher.h */ = {isa = PBXFileReference; fileEncoding = 4; lastKnownFileType = sourcecode.c.h; path = FlickrFetcher.h; sourceTree = "<group>"; };
		A16CDE7214C958F500BFFCA7 /* FlickrFetcher.m */ = {isa = PBXFileReference; fileEncoding = 4; lastKnownFileType = sourcecode.c.objc; path = FlickrFetcher.m; sourceTree = "<group>"; };
		A16CDE7414C959D800BFFCA7 /* topPlacesTableViewController.h */ = {isa = PBXFileReference; fileEncoding = 4; lastKnownFileType = sourcecode.c.h; path = topPlacesTableViewController.h; sourceTree = "<group>"; };
		A16CDE7514C959D800BFFCA7 /* topPlacesTableViewController.m */ = {isa = PBXFileReference; fileEncoding = 4; lastKnownFileType = sourcecode.c.objc; path = topPlacesTableViewController.m; sourceTree = "<group>"; };
		A16CDE7714C95AC600BFFCA7 /* RecentlyViewedTableViewController.h */ = {isa = PBXFileReference; fileEncoding = 4; lastKnownFileType = sourcecode.c.h; path = RecentlyViewedTableViewController.h; sourceTree = "<group>"; };
		A16CDE7814C95AC600BFFCA7 /* RecentlyViewedTableViewController.m */ = {isa = PBXFileReference; fileEncoding = 4; lastKnownFileType = sourcecode.c.objc; path = RecentlyViewedTableViewController.m; sourceTree = "<group>"; };
		A17D0E3D14C9DB6000A97B13 /* TopPicturesTableViewController.h */ = {isa = PBXFileReference; fileEncoding = 4; lastKnownFileType = sourcecode.c.h; path = TopPicturesTableViewController.h; sourceTree = "<group>"; };
		A17D0E3E14C9DB6000A97B13 /* TopPicturesTableViewController.m */ = {isa = PBXFileReference; fileEncoding = 4; lastKnownFileType = sourcecode.c.objc; path = TopPicturesTableViewController.m; sourceTree = "<group>"; };
/* End PBXFileReference section */

/* Begin PBXFrameworksBuildPhase section */
		A16CDE3114C958B400BFFCA7 /* Frameworks */ = {
			isa = PBXFrameworksBuildPhase;
			buildActionMask = 2147483647;
			files = (
				A16CDE3914C958B400BFFCA7 /* UIKit.framework in Frameworks */,
				A16CDE3B14C958B400BFFCA7 /* Foundation.framework in Frameworks */,
				A16CDE3D14C958B400BFFCA7 /* CoreGraphics.framework in Frameworks */,
			);
			runOnlyForDeploymentPostprocessing = 0;
		};
		A16CDE5414C958B400BFFCA7 /* Frameworks */ = {
			isa = PBXFrameworksBuildPhase;
			buildActionMask = 2147483647;
			files = (
				A16CDE5A14C958B400BFFCA7 /* SenTestingKit.framework in Frameworks */,
				A16CDE5B14C958B400BFFCA7 /* UIKit.framework in Frameworks */,
				A16CDE5C14C958B400BFFCA7 /* Foundation.framework in Frameworks */,
			);
			runOnlyForDeploymentPostprocessing = 0;
		};
/* End PBXFrameworksBuildPhase section */

/* Begin PBXGroup section */
		A16CDE2914C958B400BFFCA7 = {
			isa = PBXGroup;
			children = (
				A16CDE3E14C958B400BFFCA7 /* FlickrPop */,
				A16CDE5F14C958B400BFFCA7 /* FlickrPopTests */,
				A16CDE3714C958B400BFFCA7 /* Frameworks */,
				A16CDE3514C958B400BFFCA7 /* Products */,
			);
			sourceTree = "<group>";
		};
		A16CDE3514C958B400BFFCA7 /* Products */ = {
			isa = PBXGroup;
			children = (
				A16CDE3414C958B400BFFCA7 /* FlickrPop.app */,
				A16CDE5814C958B400BFFCA7 /* FlickrPopTests.octest */,
			);
			name = Products;
			sourceTree = "<group>";
		};
		A16CDE3714C958B400BFFCA7 /* Frameworks */ = {
			isa = PBXGroup;
			children = (
				A16CDE3814C958B400BFFCA7 /* UIKit.framework */,
				A16CDE3A14C958B400BFFCA7 /* Foundation.framework */,
				A16CDE3C14C958B400BFFCA7 /* CoreGraphics.framework */,
				A16CDE5914C958B400BFFCA7 /* SenTestingKit.framework */,
			);
			name = Frameworks;
			sourceTree = "<group>";
		};
		A16CDE3E14C958B400BFFCA7 /* FlickrPop */ = {
			isa = PBXGroup;
			children = (
				A16CDE7014C958F500BFFCA7 /* FlickrAPIKey.h */,
				A16CDE7114C958F500BFFCA7 /* FlickrFetcher.h */,
				A16CDE7214C958F500BFFCA7 /* FlickrFetcher.m */,
				A16CDE4714C958B400BFFCA7 /* FlickrPopAppDelegate.h */,
				A16CDE4814C958B400BFFCA7 /* FlickrPopAppDelegate.m */,
				A16CDE4A14C958B400BFFCA7 /* MainStoryboard_iPhone.storyboard */,
				A17D0E3D14C9DB6000A97B13 /* TopPicturesTableViewController.h */,
				A17D0E3E14C9DB6000A97B13 /* TopPicturesTableViewController.m */,
				A16CDE7714C95AC600BFFCA7 /* RecentlyViewedTableViewController.h */,
				A16CDE7814C95AC600BFFCA7 /* RecentlyViewedTableViewController.m */,
				A16CDE7414C959D800BFFCA7 /* topPlacesTableViewController.h */,
				A16CDE7514C959D800BFFCA7 /* topPlacesTableViewController.m */,
				A16CDE4D14C958B400BFFCA7 /* MainStoryboard_iPad.storyboard */,
				A16CDE5014C958B400BFFCA7 /* FlickrPopViewController.h */,
				A16CDE5114C958B400BFFCA7 /* FlickrPopViewController.m */,
				A16CDE3F14C958B400BFFCA7 /* Supporting Files */,
			);
			path = FlickrPop;
			sourceTree = "<group>";
		};
		A16CDE3F14C958B400BFFCA7 /* Supporting Files */ = {
			isa = PBXGroup;
			children = (
				A16CDE4014C958B400BFFCA7 /* FlickrPop-Info.plist */,
				A16CDE4114C958B400BFFCA7 /* InfoPlist.strings */,
				A16CDE4414C958B400BFFCA7 /* main.m */,
				A16CDE4614C958B400BFFCA7 /* FlickrPop-Prefix.pch */,
			);
			name = "Supporting Files";
			sourceTree = "<group>";
		};
		A16CDE5F14C958B400BFFCA7 /* FlickrPopTests */ = {
			isa = PBXGroup;
			children = (
				A16CDE6514C958B400BFFCA7 /* FlickrPopTests.h */,
				A16CDE6614C958B400BFFCA7 /* FlickrPopTests.m */,
				A16CDE6014C958B400BFFCA7 /* Supporting Files */,
			);
			path = FlickrPopTests;
			sourceTree = "<group>";
		};
		A16CDE6014C958B400BFFCA7 /* Supporting Files */ = {
			isa = PBXGroup;
			children = (
				A16CDE6114C958B400BFFCA7 /* FlickrPopTests-Info.plist */,
				A16CDE6214C958B400BFFCA7 /* InfoPlist.strings */,
			);
			name = "Supporting Files";
			sourceTree = "<group>";
		};
/* End PBXGroup section */

/* Begin PBXNativeTarget section */
		A16CDE3314C958B400BFFCA7 /* FlickrPop */ = {
			isa = PBXNativeTarget;
			buildConfigurationList = A16CDE6A14C958B400BFFCA7 /* Build configuration list for PBXNativeTarget "FlickrPop" */;
			buildPhases = (
				A16CDE3014C958B400BFFCA7 /* Sources */,
				A16CDE3114C958B400BFFCA7 /* Frameworks */,
				A16CDE3214C958B400BFFCA7 /* Resources */,
			);
			buildRules = (
			);
			dependencies = (
			);
			name = FlickrPop;
			productName = FlickrPop;
			productReference = A16CDE3414C958B400BFFCA7 /* FlickrPop.app */;
			productType = "com.apple.product-type.application";
		};
		A16CDE5714C958B400BFFCA7 /* FlickrPopTests */ = {
			isa = PBXNativeTarget;
			buildConfigurationList = A16CDE6D14C958B400BFFCA7 /* Build configuration list for PBXNativeTarget "FlickrPopTests" */;
			buildPhases = (
				A16CDE5314C958B400BFFCA7 /* Sources */,
				A16CDE5414C958B400BFFCA7 /* Frameworks */,
				A16CDE5514C958B400BFFCA7 /* Resources */,
				A16CDE5614C958B400BFFCA7 /* ShellScript */,
			);
			buildRules = (
			);
			dependencies = (
				A16CDE5E14C958B400BFFCA7 /* PBXTargetDependency */,
			);
			name = FlickrPopTests;
			productName = FlickrPopTests;
			productReference = A16CDE5814C958B400BFFCA7 /* FlickrPopTests.octest */;
			productType = "com.apple.product-type.bundle";
		};
/* End PBXNativeTarget section */

/* Begin PBXProject section */
		A16CDE2B14C958B400BFFCA7 /* Project object */ = {
			isa = PBXProject;
			attributes = {
				LastUpgradeCheck = 0420;
			};
			buildConfigurationList = A16CDE2E14C958B400BFFCA7 /* Build configuration list for PBXProject "FlickrPop" */;
			compatibilityVersion = "Xcode 3.2";
			developmentRegion = English;
			hasScannedForEncodings = 0;
			knownRegions = (
				en,
			);
			mainGroup = A16CDE2914C958B400BFFCA7;
			productRefGroup = A16CDE3514C958B400BFFCA7 /* Products */;
			projectDirPath = "";
			projectRoot = "";
			targets = (
				A16CDE3314C958B400BFFCA7 /* FlickrPop */,
				A16CDE5714C958B400BFFCA7 /* FlickrPopTests */,
			);
		};
/* End PBXProject section */

/* Begin PBXResourcesBuildPhase section */
		A16CDE3214C958B400BFFCA7 /* Resources */ = {
			isa = PBXResourcesBuildPhase;
			buildActionMask = 2147483647;
			files = (
				A16CDE4314C958B400BFFCA7 /* InfoPlist.strings in Resources */,
				A16CDE4C14C958B400BFFCA7 /* MainStoryboard_iPhone.storyboard in Resources */,
				A16CDE4F14C958B400BFFCA7 /* MainStoryboard_iPad.storyboard in Resources */,
			);
			runOnlyForDeploymentPostprocessing = 0;
		};
		A16CDE5514C958B400BFFCA7 /* Resources */ = {
			isa = PBXResourcesBuildPhase;
			buildActionMask = 2147483647;
			files = (
				A16CDE6414C958B400BFFCA7 /* InfoPlist.strings in Resources */,
			);
			runOnlyForDeploymentPostprocessing = 0;
		};
/* End PBXResourcesBuildPhase section */

/* Begin PBXShellScriptBuildPhase section */
		A16CDE5614C958B400BFFCA7 /* ShellScript */ = {
			isa = PBXShellScriptBuildPhase;
			buildActionMask = 2147483647;
			files = (
			);
			inputPaths = (
			);
			outputPaths = (
			);
			runOnlyForDeploymentPostprocessing = 0;
			shellPath = /bin/sh;
			shellScript = "# Run the unit tests in this test bundle.\n\"${SYSTEM_DEVELOPER_DIR}/Tools/RunUnitTests\"\n";
		};
/* End PBXShellScriptBuildPhase section */

/* Begin PBXSourcesBuildPhase section */
		A16CDE3014C958B400BFFCA7 /* Sources */ = {
			isa = PBXSourcesBuildPhase;
			buildActionMask = 2147483647;
			files = (
				A16CDE4514C958B400BFFCA7 /* main.m in Sources */,
				A16CDE4914C958B400BFFCA7 /* FlickrPopAppDelegate.m in Sources */,
				A16CDE5214C958B400BFFCA7 /* FlickrPopViewController.m in Sources */,
				A16CDE7314C958F500BFFCA7 /* FlickrFetcher.m in Sources */,
				A16CDE7614C959D800BFFCA7 /* topPlacesTableViewController.m in Sources */,
				A16CDE7914C95AC600BFFCA7 /* RecentlyViewedTableViewController.m in Sources */,
				A17D0E3F14C9DB6000A97B13 /* TopPicturesTableViewController.m in Sources */,
			);
			runOnlyForDeploymentPostprocessing = 0;
		};
		A16CDE5314C958B400BFFCA7 /* Sources */ = {
			isa = PBXSourcesBuildPhase;
			buildActionMask = 2147483647;
			files = (
				A16CDE6714C958B400BFFCA7 /* FlickrPopTests.m in Sources */,
			);
			runOnlyForDeploymentPostprocessing = 0;
		};
/* End PBXSourcesBuildPhase section */

/* Begin PBXTargetDependency section */
		A16CDE5E14C958B400BFFCA7 /* PBXTargetDependency */ = {
			isa = PBXTargetDependency;
			target = A16CDE3314C958B400BFFCA7 /* FlickrPop */;
			targetProxy = A16CDE5D14C958B400BFFCA7 /* PBXContainerItemProxy */;
		};
/* End PBXTargetDependency section */

/* Begin PBXVariantGroup section */
		A16CDE4114C958B400BFFCA7 /* InfoPlist.strings */ = {
			isa = PBXVariantGroup;
			children = (
				A16CDE4214C958B400BFFCA7 /* en */,
			);
			name = InfoPlist.strings;
			sourceTree = "<group>";
		};
		A16CDE4A14C958B400BFFCA7 /* MainStoryboard_iPhone.storyboard */ = {
			isa = PBXVariantGroup;
			children = (
				A16CDE4B14C958B400BFFCA7 /* en */,
			);
			name = MainStoryboard_iPhone.storyboard;
			sourceTree = "<group>";
		};
		A16CDE4D14C958B400BFFCA7 /* MainStoryboard_iPad.storyboard */ = {
			isa = PBXVariantGroup;
			children = (
				A16CDE4E14C958B400BFFCA7 /* en */,
			);
			name = MainStoryboard_iPad.storyboard;
			sourceTree = "<group>";
		};
		A16CDE6214C958B400BFFCA7 /* InfoPlist.strings */ = {
			isa = PBXVariantGroup;
			children = (
				A16CDE6314C958B400BFFCA7 /* en */,
			);
			name = InfoPlist.strings;
			sourceTree = "<group>";
		};
/* End PBXVariantGroup section */

/* Begin XCBuildConfiguration section */
		A16CDE6814C958B400BFFCA7 /* Debug */ = {
			isa = XCBuildConfiguration;
			buildSettings = {
				ALWAYS_SEARCH_USER_PATHS = NO;
				ARCHS = "$(ARCHS_STANDARD_32_BIT)";
				CLANG_ENABLE_OBJC_ARC = YES;
				"CODE_SIGN_IDENTITY[sdk=iphoneos*]" = "iPhone Developer";
				COPY_PHASE_STRIP = NO;
				GCC_C_LANGUAGE_STANDARD = gnu99;
				GCC_DYNAMIC_NO_PIC = NO;
				GCC_OPTIMIZATION_LEVEL = 0;
				GCC_PREPROCESSOR_DEFINITIONS = (
					"DEBUG=1",
					"$(inherited)",
				);
				GCC_SYMBOLS_PRIVATE_EXTERN = NO;
				GCC_VERSION = com.apple.compilers.llvm.clang.1_0;
				GCC_WARN_ABOUT_MISSING_PROTOTYPES = YES;
				GCC_WARN_ABOUT_RETURN_TYPE = YES;
				GCC_WARN_UNUSED_VARIABLE = YES;
				IPHONEOS_DEPLOYMENT_TARGET = 5.0;
				SDKROOT = iphoneos;
				TARGETED_DEVICE_FAMILY = "1,2";
			};
			name = Debug;
		};
		A16CDE6914C958B400BFFCA7 /* Release */ = {
			isa = XCBuildConfiguration;
			buildSettings = {
				ALWAYS_SEARCH_USER_PATHS = NO;
				ARCHS = "$(ARCHS_STANDARD_32_BIT)";
				CLANG_ENABLE_OBJC_ARC = YES;
				"CODE_SIGN_IDENTITY[sdk=iphoneos*]" = "iPhone Developer";
				COPY_PHASE_STRIP = YES;
				GCC_C_LANGUAGE_STANDARD = gnu99;
				GCC_VERSION = com.apple.compilers.llvm.clang.1_0;
				GCC_WARN_ABOUT_MISSING_PROTOTYPES = YES;
				GCC_WARN_ABOUT_RETURN_TYPE = YES;
				GCC_WARN_UNUSED_VARIABLE = YES;
				IPHONEOS_DEPLOYMENT_TARGET = 5.0;
				OTHER_CFLAGS = "-DNS_BLOCK_ASSERTIONS=1";
				SDKROOT = iphoneos;
				TARGETED_DEVICE_FAMILY = "1,2";
				VALIDATE_PRODUCT = YES;
			};
			name = Release;
		};
		A16CDE6B14C958B400BFFCA7 /* Debug */ = {
			isa = XCBuildConfiguration;
			buildSettings = {
				GCC_PRECOMPILE_PREFIX_HEADER = YES;
				GCC_PREFIX_HEADER = "FlickrPop/FlickrPop-Prefix.pch";
				INFOPLIST_FILE = "FlickrPop/FlickrPop-Info.plist";
				PRODUCT_NAME = "$(TARGET_NAME)";
				WRAPPER_EXTENSION = app;
			};
			name = Debug;
		};
		A16CDE6C14C958B400BFFCA7 /* Release */ = {
			isa = XCBuildConfiguration;
			buildSettings = {
				GCC_PRECOMPILE_PREFIX_HEADER = YES;
				GCC_PREFIX_HEADER = "FlickrPop/FlickrPop-Prefix.pch";
				INFOPLIST_FILE = "FlickrPop/FlickrPop-Info.plist";
				PRODUCT_NAME = "$(TARGET_NAME)";
				WRAPPER_EXTENSION = app;
			};
			name = Release;
		};
		A16CDE6E14C958B400BFFCA7 /* Debug */ = {
			isa = XCBuildConfiguration;
			buildSettings = {
				BUNDLE_LOADER = "$(BUILT_PRODUCTS_DIR)/FlickrPop.app/FlickrPop";
				FRAMEWORK_SEARCH_PATHS = (
					"$(SDKROOT)/Developer/Library/Frameworks",
					"$(DEVELOPER_LIBRARY_DIR)/Frameworks",
				);
				GCC_PRECOMPILE_PREFIX_HEADER = YES;
				GCC_PREFIX_HEADER = "FlickrPop/FlickrPop-Prefix.pch";
				INFOPLIST_FILE = "FlickrPopTests/FlickrPopTests-Info.plist";
				PRODUCT_NAME = "$(TARGET_NAME)";
				TEST_HOST = "$(BUNDLE_LOADER)";
				WRAPPER_EXTENSION = octest;
			};
			name = Debug;
		};
		A16CDE6F14C958B400BFFCA7 /* Release */ = {
			isa = XCBuildConfiguration;
			buildSettings = {
				BUNDLE_LOADER = "$(BUILT_PRODUCTS_DIR)/FlickrPop.app/FlickrPop";
				FRAMEWORK_SEARCH_PATHS = (
					"$(SDKROOT)/Developer/Library/Frameworks",
					"$(DEVELOPER_LIBRARY_DIR)/Frameworks",
				);
				GCC_PRECOMPILE_PREFIX_HEADER = YES;
				GCC_PREFIX_HEADER = "FlickrPop/FlickrPop-Prefix.pch";
				INFOPLIST_FILE = "FlickrPopTests/FlickrPopTests-Info.plist";
				PRODUCT_NAME = "$(TARGET_NAME)";
				TEST_HOST = "$(BUNDLE_LOADER)";
				WRAPPER_EXTENSION = octest;
			};
			name = Release;
		};
/* End XCBuildConfiguration section */

/* Begin XCConfigurationList section */
		A16CDE2E14C958B400BFFCA7 /* Build configuration list for PBXProject "FlickrPop" */ = {
			isa = XCConfigurationList;
			buildConfigurations = (
				A16CDE6814C958B400BFFCA7 /* Debug */,
				A16CDE6914C958B400BFFCA7 /* Release */,
			);
			defaultConfigurationIsVisible = 0;
			defaultConfigurationName = Release;
		};
		A16CDE6A14C958B400BFFCA7 /* Build configuration list for PBXNativeTarget "FlickrPop" */ = {
			isa = XCConfigurationList;
			buildConfigurations = (
				A16CDE6B14C958B400BFFCA7 /* Debug */,
				A16CDE6C14C958B400BFFCA7 /* Release */,
			);
			defaultConfigurationIsVisible = 0;
			defaultConfigurationName = Release;
		};
		A16CDE6D14C958B400BFFCA7 /* Build configuration list for PBXNativeTarget "FlickrPopTests" */ = {
			isa = XCConfigurationList;
			buildConfigurations = (
				A16CDE6E14C958B400BFFCA7 /* Debug */,
				A16CDE6F14C958B400BFFCA7 /* Release */,
			);
			defaultConfigurationIsVisible = 0;
			defaultConfigurationName = Release;
		};
/* End XCConfigurationList section */
	};
	rootObject = A16CDE2B14C958B400BFFCA7 /* Project object */;
}
